# THIS IS AN AUTOGENERATED FILE. DO NOT EDIT THIS FILE DIRECTLY.
# yarn lockfile v1


ubuntu-vanilla-theme@0.0.34:
  version "0.0.34"
  resolved "https://registry.yarnpkg.com/ubuntu-vanilla-theme/-/ubuntu-vanilla-theme-0.0.34.tgz#c21936e1e5c9c04bc245ff134ac786625f221a60"
  dependencies:
    vanilla-framework "^0.0.77"

vanilla-framework@^0.0.77:
  version "0.0.77"
  resolved "https://registry.yarnpkg.com/vanilla-framework/-/vanilla-framework-0.0.77.tgz#88e9950951ea772f9c8cf164135eb36e9255d72e"
